
Microsoft Visual Studio Solution File, Format Version 12.00
# Visual Studio Version 17
VisualStudioVersion = 17.4.33213.308
MinimumVisualStudioVersion = 10.0.40219.1
Project("{FAE04EC0-301F-11D3-BF4B-00C04F79EFBC}") = "OnlineMapService", "OnlineMapService.csproj", "{0E0C6A77-A284-4F27-94D7-2649ED54071B}"
EndProject
Global
	GlobalSection(SolutionConfigurationPlatforms) = preSolution
		Debug|Any CPU = Debug|Any CPU
		Release|Any CPU = Release|Any CPU
	EndGlobalSection
	GlobalSection(ProjectConfigurationPlatforms) = postSolution
		{0E0C6A77-A284-4F27-94D7-2649ED54071B}.Debug|Any CPU.ActiveCfg = Debug|Any CPU
		{0E0C6A77-A284-4F27-94D7-2649ED54071B}.Debug|Any CPU.Build.0 = Debug|Any CPU
		{0E0C6A77-A284-4F27-94D7-2649ED54071B}.Release|Any CPU.ActiveCfg = Release|Any CPU
		{0E0C6A77-A284-4F27-94D7-2649ED54071B}.Release|Any CPU.Build.0 = Release|Any CPU
	EndGlobalSection
	GlobalSection(SolutionProperties) = preSolution
		HideSolutionNode = FALSE
	EndGlobalSection
	GlobalSection(ExtensibilityGlobals) = postSolution
		SolutionGuid = {42EB1404-8B92-4567-AE45-71691866DF78}
	EndGlobalSection
EndGlobal
